// !$*UTF8*$!
{
	archiveVersion = 1;
	classes = {
	};
	objectVersion = 46;
	objects = {

/* Begin PBXBuildFile section */
		0222747B1DB5BB86002F8547 /* main.swift in Sources */ = {isa = PBXBuildFile; fileRef = 0222747A1DB5BB86002F8547 /* main.swift */; };
		022274861DB5C12C002F8547 /* 288. Summary Ranges.swift in Sources */ = {isa = PBXBuildFile; fileRef = 022274851DB5C12C002F8547 /* 288. Summary Ranges.swift */; };
/* End PBXBuildFile section */

/* Begin PBXCopyFilesBuildPhase section */
		022274751DB5BB86002F8547 /* CopyFiles */ = {
			isa = PBXCopyFilesBuildPhase;
			buildActionMask = 2147483647;
			dstPath = /usr/share/man/man1/;
			dstSubfolderSpec = 0;
			files = (
			);
			runOnlyForDeploymentPostprocessing = 1;
		};
/* End PBXCopyFilesBuildPhase section */

/* Begin PBXFileReference section */
		022274771DB5BB86002F8547 /* LeetCode */ = {isa = PBXFileReference; explicitFileType = "compiled.mach-o.executable"; includeInIndex = 0; path = LeetCode; sourceTree = BUILT_PRODUCTS_DIR; };
		0222747A1DB5BB86002F8547 /* main.swift */ = {isa = PBXFileReference; lastKnownFileType = sourcecode.swift; path = main.swift; sourceTree = "<group>"; };
		022274811DB5BED3002F8547 /* notes.md */ = {isa = PBXFileReference; lastKnownFileType = net.daringfireball.markdown; path = notes.md; sourceTree = "<group>"; };
		022274851DB5C12C002F8547 /* 288. Summary Ranges.swift */ = {isa = PBXFileReference; fileEncoding = 4; lastKnownFileType = sourcecode.swift; path = "288. Summary Ranges.swift"; sourceTree = "<group>"; };
/* End PBXFileReference section */

/* Begin PBXFrameworksBuildPhase section */
		022274741DB5BB86002F8547 /* Frameworks */ = {
			isa = PBXFrameworksBuildPhase;
			buildActionMask = 2147483647;
			files = (
			);
			runOnlyForDeploymentPostprocessing = 0;
		};
/* End PBXFrameworksBuildPhase section */

/* Begin PBXGroup section */
		0222746E1DB5BB86002F8547 = {
			isa = PBXGroup;
			children = (
				022274791DB5BB86002F8547 /* LeetCode */,
				022274781DB5BB86002F8547 /* Products */,
				022274811DB5BED3002F8547 /* notes.md */,
			);
			sourceTree = "<group>";
		};
		022274781DB5BB86002F8547 /* Products */ = {
			isa = PBXGroup;
			children = (
				022274771DB5BB86002F8547 /* LeetCode */,
			);
			name = Products;
			sourceTree = "<group>";
		};
		022274791DB5BB86002F8547 /* LeetCode */ = {
			isa = PBXGroup;
			children = (
				0222747A1DB5BB86002F8547 /* main.swift */,
				022274831DB5C12C002F8547 /* Data Structures */,
			);
			path = LeetCode;
			sourceTree = "<group>";
		};
		022274831DB5C12C002F8547 /* Data Structures */ = {
			isa = PBXGroup;
			children = (
				022274841DB5C12C002F8547 /* Array */,
			);
			path = "Data Structures";
			sourceTree = "<group>";
		};
		022274841DB5C12C002F8547 /* Array */ = {
			isa = PBXGroup;
			children = (
				022274851DB5C12C002F8547 /* 288. Summary Ranges.swift */,
			);
			path = Array;
			sourceTree = "<group>";
		};
/* End PBXGroup section */

/* Begin PBXNativeTarget section */
		022274761DB5BB86002F8547 /* LeetCode */ = {
			isa = PBXNativeTarget;
			buildConfigurationList = 0222747E1DB5BB86002F8547 /* Build configuration list for PBXNativeTarget "LeetCode" */;
			buildPhases = (
				022274731DB5BB86002F8547 /* Sources */,
				022274741DB5BB86002F8547 /* Frameworks */,
				022274751DB5BB86002F8547 /* CopyFiles */,
			);
			buildRules = (
			);
			dependencies = (
			);
			name = LeetCode;
			productName = LeetCode;
			productReference = 022274771DB5BB86002F8547 /* LeetCode */;
			productType = "com.apple.product-type.tool";
		};
/* End PBXNativeTarget section */

/* Begin PBXProject section */
		0222746F1DB5BB86002F8547 /* Project object */ = {
			isa = PBXProject;
			attributes = {
				LastSwiftUpdateCheck = 0800;
				LastUpgradeCheck = 0800;
				ORGANIZATIONNAME = Honghaoz;
				TargetAttributes = {
					022274761DB5BB86002F8547 = {
						CreatedOnToolsVersion = 8.0;
						DevelopmentTeam = UYW9ZSKZAQ;
						ProvisioningStyle = Automatic;
					};
				};
			};
			buildConfigurationList = 022274721DB5BB86002F8547 /* Build configuration list for PBXProject "LeetCode" */;
			compatibilityVersion = "Xcode 3.2";
			developmentRegion = English;
			hasScannedForEncodings = 0;
			knownRegions = (
				en,
			);
			mainGroup = 0222746E1DB5BB86002F8547;
			productRefGroup = 022274781DB5BB86002F8547 /* Products */;
			projectDirPath = "";
			projectRoot = "";
			targets = (
				022274761DB5BB86002F8547 /* LeetCode */,
			);
		};
/* End PBXProject section */

/* Begin PBXSourcesBuildPhase section */
		022274731DB5BB86002F8547 /* Sources */ = {
			isa = PBXSourcesBuildPhase;
			buildActionMask = 2147483647;
			files = (
				022274861DB5C12C002F8547 /* 288. Summary Ranges.swift in Sources */,
				0222747B1DB5BB86002F8547 /* main.swift in Sources */,
			);
			runOnlyForDeploymentPostprocessing = 0;
		};
/* End PBXSourcesBuildPhase section */

/* Begin XCBuildConfiguration section */
		0222747C1DB5BB86002F8547 /* Debug */ = {
			isa = XCBuildConfiguration;
			buildSettings = {
				ALWAYS_SEARCH_USER_PATHS = NO;
				CLANG_ANALYZER_NONNULL = YES;
				CLANG_CXX_LANGUAGE_STANDARD = "gnu++0x";
				CLANG_CXX_LIBRARY = "libc++";
				CLANG_ENABLE_MODULES = YES;
				CLANG_ENABLE_OBJC_ARC = YES;
				CLANG_WARN_BOOL_CONVERSION = YES;
				CLANG_WARN_CONSTANT_CONVERSION = YES;
				CLANG_WARN_DIRECT_OBJC_ISA_USAGE = YES_ERROR;
				CLANG_WARN_DOCUMENTATION_COMMENTS = YES;
				CLANG_WARN_EMPTY_BODY = YES;
				CLANG_WARN_ENUM_CONVERSION = YES;
				CLANG_WARN_INFINITE_RECURSION = YES;
				CLANG_WARN_INT_CONVERSION = YES;
				CLANG_WARN_OBJC_ROOT_CLASS = YES_ERROR;
				CLANG_WARN_SUSPICIOUS_MOVES = YES;
				CLANG_WARN_UNREACHABLE_CODE = YES;
				CLANG_WARN__DUPLICATE_METHOD_MATCH = YES;
				CODE_SIGN_IDENTITY = "-";
				COPY_PHASE_STRIP = NO;
				DEBUG_INFORMATION_FORMAT = dwarf;
				ENABLE_STRICT_OBJC_MSGSEND = YES;
				ENABLE_TESTABILITY = YES;
				GCC_C_LANGUAGE_STANDARD = gnu99;
				GCC_DYNAMIC_NO_PIC = NO;
				GCC_NO_COMMON_BLOCKS = YES;
				GCC_OPTIMIZATION_LEVEL = 0;
				GCC_PREPROCESSOR_DEFINITIONS = (
					"DEBUG=1",
					"$(inherited)",
				);
				GCC_WARN_64_TO_32_BIT_CONVERSION = YES;
				GCC_WARN_ABOUT_RETURN_TYPE = YES_ERROR;
				GCC_WARN_UNDECLARED_SELECTOR = YES;
				GCC_WARN_UNINITIALIZED_AUTOS = YES_AGGRESSIVE;
				GCC_WARN_UNUSED_FUNCTION = YES;
				GCC_WARN_UNUSED_VARIABLE = YES;
				MACOSX_DEPLOYMENT_TARGET = 10.12;
				MTL_ENABLE_DEBUG_INFO = YES;
				ONLY_ACTIVE_ARCH = YES;
				SDKROOT = macosx;
				SWIFT_OPTIMIZATION_LEVEL = "-Onone";
			};
			name = Debug;
		};
		0222747D1DB5BB86002F8547 /* Release */ = {
			isa = XCBuildConfiguration;
			buildSettings = {
				ALWAYS_SEARCH_USER_PATHS = NO;
				CLANG_ANALYZER_NONNULL = YES;
				CLANG_CXX_LANGUAGE_STANDARD = "gnu++0x";
				CLANG_CXX_LIBRARY = "libc++";
				CLANG_ENABLE_MODULES = YES;
				CLANG_ENABLE_OBJC_ARC = YES;
				CLANG_WARN_BOOL_CONVERSION = YES;
				CLANG_WARN_CONSTANT_CONVERSION = YES;
				CLANG_WARN_DIRECT_OBJC_ISA_USAGE = YES_ERROR;
				CLANG_WARN_DOCUMENTATION_COMMENTS = YES;
				CLANG_WARN_EMPTY_BODY = YES;
				CLANG_WARN_ENUM_CONVERSION = YES;
				CLANG_WARN_INFINITE_RECURSION = YES;
				CLANG_WARN_INT_CONVERSION = YES;
				CLANG_WARN_OBJC_ROOT_CLASS = YES_ERROR;
				CLANG_WARN_SUSPICIOUS_MOVES = YES;
				CLANG_WARN_UNREACHABLE_CODE = YES;
				CLANG_WARN__DUPLICATE_METHOD_MATCH = YES;
				CODE_SIGN_IDENTITY = "-";
				COPY_PHASE_STRIP = NO;
				DEBUG_INFORMATION_FORMAT = "dwarf-with-dsym";
				ENABLE_NS_ASSERTIONS = NO;
				ENABLE_STRICT_OBJC_MSGSEND = YES;
				GCC_C_LANGUAGE_STANDARD = gnu99;
				GCC_NO_COMMON_BLOCKS = YES;
				GCC_WARN_64_TO_32_BIT_CONVERSION = YES;
				GCC_WARN_ABOUT_RETURN_TYPE = YES_ERROR;
				GCC_WARN_UNDECLARED_SELECTOR = YES;
				GCC_WARN_UNINITIALIZED_AUTOS = YES_AGGRESSIVE;
				GCC_WARN_UNUSED_FUNCTION = YES;
				GCC_WARN_UNUSED_VARIABLE = YES;
				MACOSX_DEPLOYMENT_TARGET = 10.12;
				MTL_ENABLE_DEBUG_INFO = NO;
				SDKROOT = macosx;
			};
			name = Release;
		};
		0222747F1DB5BB86002F8547 /* Debug */ = {
			isa = XCBuildConfiguration;
			buildSettings = {
				DEVELOPMENT_TEAM = UYW9ZSKZAQ;
				PRODUCT_NAME = "$(TARGET_NAME)";
				SWIFT_VERSION = 3.0;
			};
			name = Debug;
		};
		022274801DB5BB86002F8547 /* Release */ = {
			isa = XCBuildConfiguration;
			buildSettings = {
				DEVELOPMENT_TEAM = UYW9ZSKZAQ;
				PRODUCT_NAME = "$(TARGET_NAME)";
				SWIFT_VERSION = 3.0;
			};
			name = Release;
		};
/* End XCBuildConfiguration section */

/* Begin XCConfigurationList section */
		022274721DB5BB86002F8547 /* Build configuration list for PBXProject "LeetCode" */ = {
			isa = XCConfigurationList;
			buildConfigurations = (
				0222747C1DB5BB86002F8547 /* Debug */,
				0222747D1DB5BB86002F8547 /* Release */,
			);
			defaultConfigurationIsVisible = 0;
			defaultConfigurationName = Release;
		};
		0222747E1DB5BB86002F8547 /* Build configuration list for PBXNativeTarget "LeetCode" */ = {
			isa = XCConfigurationList;
			buildConfigurations = (
				0222747F1DB5BB86002F8547 /* Debug */,
				022274801DB5BB86002F8547 /* Release */,
			);
			defaultConfigurationIsVisible = 0;
		};
/* End XCConfigurationList section */
	};
	rootObject = 0222746F1DB5BB86002F8547 /* Project object */;
}
